# This file is automatically @generated by Cargo.
# It is not intended for manual editing.
version = 4

[[package]]
name = "lanshare-cli"
version = "0.1.0"
dependencies = [
 "lanshare-proto",
]

[[package]]
name = "lanshare-core"
version = "0.1.0"
dependencies = [
 "lanshare-proto",
]

[[package]]
name = "lanshare-proto"
version = "0.1.0"

[[package]]
name = "lanshare-rs"
version = "0.1.0"
dependencies = [
 "lanshare-core",
]

[[package]]
name = "lanshare-tests"
version = "0.1.0"
